lockfileVersion: '9.0'

settings:
  autoInstallPeers: true
  excludeLinksFromLockfile: false

importers:

  .:
    devDependencies:
      prettier:
        specifier: ^3.2.0
        version: 3.8.1
      turbo:
        specifier: ^2.0.0
        version: 2.7.5
      typescript:
        specifier: ^5.3.0
        version: 5.9.3

  packages/types:
    devDependencies:
      typescript:
        specifier: ^5.3.0
        version: 5.9.3

  packages/ui:
    dependencies:
      class-variance-authority:
        specifier: ^0.7.0
        version: 0.7.1
      clsx:
        specifier: ^2.1.0
        version: 2.1.1
      tailwind-merge:
        specifier: ^2.2.0
        version: 2.6.0
    devDependencies:
      '@types/react':
        specifier: ^18.3.0
        version: 18.3.27
      react:
        specifier: ^18.3.0
        version: 18.3.1
      typescript:
        specifier: ^5.3.0
        version: 5.9.3

  packages/utils:
    devDependencies:
      typescript:
        specifier: ^5.3.0
        version: 5.9.3

packages:

  '@types/prop-types@15.7.15':
    resolution: {integrity: sha512-F6bEyamV9jKGAFBEmlQnesRPGOQqS2+Uwi0Em15xenOxHaf2hv6L8YCVn3rPdPJOiJfPiCnLIRyvwVaqMY3MIw==}

  '@types/react@18.3.27':
    resolution: {integrity: sha512-cisd7gxkzjBKU2GgdYrTdtQx1SORymWyaAFhaxQPK9bYO9ot3Y5OikQRvY0VYQtvwjeQnizCINJAenh/V7MK2w==}

  class-variance-authority@0.7.1:
    resolution: {integrity: sha512-Ka+9Trutv7G8M6WT6SeiRWz792K5qEqIGEGzXKhAE6xOWAY6pPH8U+9IY3oCMv6kqTmLsv7Xh/2w2RigkePMsg==}

  clsx@2.1.1:
    resolution: {integrity: sha512-eYm0QWBtUrBWZWG0d386OGAw16Z995PiOVo2B7bjWSbHedGl5e0ZWaq65kOGgUSNesEIDkB9ISbTg/JK9dhCZA==}
    engines: {node: '>=6'}

  csstype@3.2.3:
    resolution: {integrity: sha512-z1HGKcYy2xA8AGQfwrn0PAy+PB7X/GSj3UVJW9qKyn43xWa+gl5nXmU4qqLMRzWVLFC8KusUX8T/0kCiOYpAIQ==}

  js-tokens@4.0.0:
    resolution: {integrity: sha512-RdJUflcE3cUzKiMqQgsCu06FPu9UdIJO0beYbPhHN4k6apgJtifcoCtT9bcxOpYBtpD2kCM6Sbzg4CausW/PKQ==}

  loose-envify@1.4.0:
    resolution: {integrity: sha512-lyuxPGr/Wfhrlem2CL/UcnUc1zcqKAImBDzukY7Y5F/yQiNdko6+fRLevlw1HgMySw7f611UIY408EtxRSoK3Q==}
    hasBin: true

  prettier@3.8.1:
    resolution: {integrity: sha512-UOnG6LftzbdaHZcKoPFtOcCKztrQ57WkHDeRD9t/PTQtmT0NHSeWWepj6pS0z/N7+08BHFDQVUrfmfMRcZwbMg==}
    engines: {node: '>=14'}
    hasBin: true

  react@18.3.1:
    resolution: {integrity: sha512-wS+hAgJShR0KhEvPJArfuPVN1+Hz1t0Y6n5jLrGQbkb4urgPE/0Rve+1kMB1v/oWgHgm4WIcV+i7F2pTVj+2iQ==}
    engines: {node: '>=0.10.0'}

  tailwind-merge@2.6.0:
    resolution: {integrity: sha512-P+Vu1qXfzediirmHOC3xKGAYeZtPcV9g76X+xg2FD4tYgR71ewMA35Y3sCz3zhiN/dwefRpJX0yBcgwi1fXNQA==}

  turbo-darwin-64@2.7.5:
    resolution: {integrity: sha512-nN3wfLLj4OES/7awYyyM7fkU8U8sAFxsXau2bYJwAWi6T09jd87DgHD8N31zXaJ7LcpyppHWPRI2Ov9MuZEwnQ==}
    cpu: [x64]
    os: [darwin]

  turbo-darwin-arm64@2.7.5:
    resolution: {integrity: sha512-wCoDHMiTf3FgLAbZHDDx/unNNonSGhsF5AbbYODbxnpYyoKDpEYacUEPjZD895vDhNvYCH0Nnk24YsP4n/cD6g==}
    cpu: [arm64]
    os: [darwin]

  turbo-linux-64@2.7.5:
    resolution: {integrity: sha512-KKPvhOmJMmzWj/yjeO4LywkQ85vOJyhru7AZk/+c4B6OUh/odQ++SiIJBSbTG2lm1CuV5gV5vXZnf/2AMlu3Zg==}
    cpu: [x64]
    os: [linux]

  turbo-linux-arm64@2.7.5:
    resolution: {integrity: sha512-8PIva4L6BQhiPikUTds9lSFSHXVDAsEvV6QUlgwPsXrtXVQMVi6Sv9p+IxtlWQFvGkdYJUgX9GnK2rC030Xcmw==}
    cpu: [arm64]
    os: [linux]

  turbo-windows-64@2.7.5:
    resolution: {integrity: sha512-rupskv/mkIUgQXzX/wUiK00mKMorQcK8yzhGFha/D5lm05FEnLx8dsip6rWzMcVpvh+4GUMA56PgtnOgpel2AA==}
    cpu: [x64]
    os: [win32]

  turbo-windows-arm64@2.7.5:
    resolution: {integrity: sha512-G377Gxn6P42RnCzfMyDvsqQV7j69kVHKlhz9J4RhtJOB5+DyY4yYh/w0oTIxZQ4JRMmhjwLu3w9zncMoQ6nNDw==}
    cpu: [arm64]
    os: [win32]

  turbo@2.7.5:
    resolution: {integrity: sha512-7Imdmg37joOloTnj+DPrab9hIaQcDdJ5RwSzcauo/wMOSAgO+A/I/8b3hsGGs6PWQz70m/jkPgdqWsfNKtwwDQ==}
    hasBin: true

  typescript@5.9.3:
    resolution: {integrity: sha512-jl1vZzPDinLr9eUt3J/t7V6FgNEw9QjvBPdysz9KfQDD41fQrC2Y4vKQdiaUpFT4bXlb1RHhLpp8wtm6M5TgSw==}
    engines: {node: '>=14.17'}
    hasBin: true

snapshots:

  '@types/prop-types@15.7.15': {}

  '@types/react@18.3.27':
    dependencies:
      '@types/prop-types': 15.7.15
      csstype: 3.2.3

  class-variance-authority@0.7.1:
    dependencies:
      clsx: 2.1.1

  clsx@2.1.1: {}

  csstype@3.2.3: {}

  js-tokens@4.0.0: {}

  loose-envify@1.4.0:
    dependencies:
      js-tokens: 4.0.0

  prettier@3.8.1: {}

  react@18.3.1:
    dependencies:
      loose-envify: 1.4.0

  tailwind-merge@2.6.0: {}

  turbo-darwin-64@2.7.5:
    optional: true

  turbo-darwin-arm64@2.7.5:
    optional: true

  turbo-linux-64@2.7.5:
    optional: true

  turbo-linux-arm64@2.7.5:
    optional: true

  turbo-windows-64@2.7.5:
    optional: true

  turbo-windows-arm64@2.7.5:
    optional: true

  turbo@2.7.5:
    optionalDependencies:
      turbo-darwin-64: 2.7.5
      turbo-darwin-arm64: 2.7.5
      turbo-linux-64: 2.7.5
      turbo-linux-arm64: 2.7.5
      turbo-windows-64: 2.7.5
      turbo-windows-arm64: 2.7.5

  typescript@5.9.3: {}
